
Microsoft Visual Studio Solution File, Format Version 12.00
# Visual Studio Version 16
VisualStudioVersion = 16.0.31624.102
MinimumVisualStudioVersion = 10.0.40219.1
Project("{FAE04EC0-301F-11D3-BF4B-00C04F79EFBC}") = "Pravokotnik", "Pravokotnik\Pravokotnik.csproj", "{5EB5BBE0-82C7-4BB3-B6F2-ABFD56F0371D}"
EndProject
Global
	GlobalSection(SolutionConfigurationPlatforms) = preSolution
		Debug|Any CPU = Debug|Any CPU
		Release|Any CPU = Release|Any CPU
	EndGlobalSection
	GlobalSection(ProjectConfigurationPlatforms) = postSolution
		{5EB5BBE0-82C7-4BB3-B6F2-ABFD56F0371D}.Debug|Any CPU.ActiveCfg = Debug|Any CPU
		{5EB5BBE0-82C7-4BB3-B6F2-ABFD56F0371D}.Debug|Any CPU.Build.0 = Debug|Any CPU
		{5EB5BBE0-82C7-4BB3-B6F2-ABFD56F0371D}.Release|Any CPU.ActiveCfg = Release|Any CPU
		{5EB5BBE0-82C7-4BB3-B6F2-ABFD56F0371D}.Release|Any CPU.Build.0 = Release|Any CPU
	EndGlobalSection
	GlobalSection(SolutionProperties) = preSolution
		HideSolutionNode = FALSE
	EndGlobalSection
	GlobalSection(ExtensibilityGlobals) = postSolution
		SolutionGuid = {F7591EA7-39AE-4EB9-AF87-3A303050DC76}
	EndGlobalSection
EndGlobal
